
Microsoft Visual Studio Solution File, Format Version 12.00
# Visual Studio Version 16
VisualStudioVersion = 16.0.31729.503
MinimumVisualStudioVersion = 10.0.40219.1
Project("{FAE04EC0-301F-11D3-BF4B-00C04F79EFBC}") = "wellsfargo.comBot", "wellsfargo.comBot\wellsfargo.comBot.csproj", "{BEE557DA-4651-4FEC-AE1F-E9B79778EC5C}"
EndProject
Global
	GlobalSection(SolutionConfigurationPlatforms) = preSolution
		Debug|Any CPU = Debug|Any CPU
		Release|Any CPU = Release|Any CPU
	EndGlobalSection
	GlobalSection(ProjectConfigurationPlatforms) = postSolution
		{BEE557DA-4651-4FEC-AE1F-E9B79778EC5C}.Debug|Any CPU.ActiveCfg = Debug|Any CPU
		{BEE557DA-4651-4FEC-AE1F-E9B79778EC5C}.Debug|Any CPU.Build.0 = Debug|Any CPU
		{BEE557DA-4651-4FEC-AE1F-E9B79778EC5C}.Release|Any CPU.ActiveCfg = Release|Any CPU
		{BEE557DA-4651-4FEC-AE1F-E9B79778EC5C}.Release|Any CPU.Build.0 = Release|Any CPU
	EndGlobalSection
	GlobalSection(SolutionProperties) = preSolution
		HideSolutionNode = FALSE
	EndGlobalSection
	GlobalSection(ExtensibilityGlobals) = postSolution
		SolutionGuid = {D60998EF-AD06-4F64-B360-BB7DCD15A7F1}
	EndGlobalSection
EndGlobal
